
Microsoft Visual Studio Solution File, Format Version 12.00
# Visual Studio Version 16
VisualStudioVersion = 16.0.30309.148
MinimumVisualStudioVersion = 10.0.40219.1
Project("{9A19103F-16F7-4668-BE54-9A1E7A4F7556}") = "LoTextExtractor", "LoTextExtractor.csproj", "{28359D30-34E2-43C1-9807-AB23049FDD80}"
EndProject
Global
	GlobalSection(SolutionConfigurationPlatforms) = preSolution
		Debug|Any CPU = Debug|Any CPU
		Release|Any CPU = Release|Any CPU
	EndGlobalSection
	GlobalSection(ProjectConfigurationPlatforms) = postSolution
		{28359D30-34E2-43C1-9807-AB23049FDD80}.Debug|Any CPU.ActiveCfg = Debug|Any CPU
		{28359D30-34E2-43C1-9807-AB23049FDD80}.Debug|Any CPU.Build.0 = Debug|Any CPU
		{28359D30-34E2-43C1-9807-AB23049FDD80}.Release|Any CPU.ActiveCfg = Release|Any CPU
		{28359D30-34E2-43C1-9807-AB23049FDD80}.Release|Any CPU.Build.0 = Release|Any CPU
	EndGlobalSection
	GlobalSection(SolutionProperties) = preSolution
		HideSolutionNode = FALSE
	EndGlobalSection
	GlobalSection(ExtensibilityGlobals) = postSolution
		SolutionGuid = {6E11C6B6-2501-4423-A952-09E9F4B0071D}
	EndGlobalSection
EndGlobal
